
Microsoft Visual Studio Solution File, Format Version 12.00
# Visual Studio Version 16
VisualStudioVersion = 16.0.29728.190
MinimumVisualStudioVersion = 10.0.40219.1
Project("{9A19103F-16F7-4668-BE54-9A1E7A4F7556}") = "ConvertAsset", "ConvertAsset\ConvertAsset.csproj", "{58783917-AD50-46D7-838A-AD49AF23FC60}"
EndProject
Global
	GlobalSection(SolutionConfigurationPlatforms) = preSolution
		Debug|Any CPU = Debug|Any CPU
		Release|Any CPU = Release|Any CPU
	EndGlobalSection
	GlobalSection(ProjectConfigurationPlatforms) = postSolution
		{58783917-AD50-46D7-838A-AD49AF23FC60}.Debug|Any CPU.ActiveCfg = Debug|Any CPU
		{58783917-AD50-46D7-838A-AD49AF23FC60}.Debug|Any CPU.Build.0 = Debug|Any CPU
		{58783917-AD50-46D7-838A-AD49AF23FC60}.Release|Any CPU.ActiveCfg = Release|Any CPU
		{58783917-AD50-46D7-838A-AD49AF23FC60}.Release|Any CPU.Build.0 = Release|Any CPU
	EndGlobalSection
	GlobalSection(SolutionProperties) = preSolution
		HideSolutionNode = FALSE
	EndGlobalSection
	GlobalSection(ExtensibilityGlobals) = postSolution
		SolutionGuid = {BD91F688-CCB3-4FEF-A6D7-5F830C940FFF}
	EndGlobalSection
EndGlobal
